
Microsoft Visual Studio Solution File, Format Version 12.00
# Visual Studio Version 17
VisualStudioVersion = 17.9.34728.123
MinimumVisualStudioVersion = 10.0.40219.1
Project("{FAE04EC0-301F-11D3-BF4B-00C04F79EFBC}") = "ClassLibrary1", "ClassLibrary1.csproj", "{2A421899-AF8A-47E4-B803-109A01F06A33}"
EndProject
Project("{FAE04EC0-301F-11D3-BF4B-00C04F79EFBC}") = "WinFormsApp1", "..\WinFormsApp1\WinFormsApp1.csproj", "{80DB93C5-012A-4ABA-B917-04EAD4DACEC0}"
EndProject
Global
	GlobalSection(SolutionConfigurationPlatforms) = preSolution
		Debug|Any CPU = Debug|Any CPU
		Release|Any CPU = Release|Any CPU
	EndGlobalSection
	GlobalSection(ProjectConfigurationPlatforms) = postSolution
		{2A421899-AF8A-47E4-B803-109A01F06A33}.Debug|Any CPU.ActiveCfg = Debug|Any CPU
		{2A421899-AF8A-47E4-B803-109A01F06A33}.Debug|Any CPU.Build.0 = Debug|Any CPU
		{2A421899-AF8A-47E4-B803-109A01F06A33}.Release|Any CPU.ActiveCfg = Release|Any CPU
		{2A421899-AF8A-47E4-B803-109A01F06A33}.Release|Any CPU.Build.0 = Release|Any CPU
		{80DB93C5-012A-4ABA-B917-04EAD4DACEC0}.Debug|Any CPU.ActiveCfg = Debug|Any CPU
		{80DB93C5-012A-4ABA-B917-04EAD4DACEC0}.Debug|Any CPU.Build.0 = Debug|Any CPU
		{80DB93C5-012A-4ABA-B917-04EAD4DACEC0}.Release|Any CPU.ActiveCfg = Release|Any CPU
		{80DB93C5-012A-4ABA-B917-04EAD4DACEC0}.Release|Any CPU.Build.0 = Release|Any CPU
	EndGlobalSection
	GlobalSection(SolutionProperties) = preSolution
		HideSolutionNode = FALSE
	EndGlobalSection
	GlobalSection(ExtensibilityGlobals) = postSolution
		SolutionGuid = {843D7848-CB97-4825-AE6B-A068DFED8B4A}
	EndGlobalSection
EndGlobal
